{
  "name": "crod-gateway",
  "version": "1.0.0",
  "lockfileVersion": 3,
  "requires": true,
  "packages": {
    "": {
      "name": "crod-gateway",
      "version": "1.0.0",
      "dependencies": {
        "express": "^4.18.2",
        "ws": "^8.16.0",
        "nats": "^2.18.0",
        "axios": "^1.6.2"
      }
    }
  }
}